<Solution>
  <Project Path="SmolSearch.Core/SmolSearch.Core.csproj" />
  <Project Path="SmolSearch.Crawler/SmolSearch.Crawler.csproj" />
  <Project Path="SmolSearch.HappyGemini/SmolSearch.HappyGemini.csproj" Id="ade01b1a-7a39-40be-93ac-b21b55273cd9" />
  <Project Path="SmolSearch.Server/SmolSearch.Server.csproj" Id="c2512eb3-ae54-4203-96c1-fb3f45e9afeb" />
  <Project Path="SmolSearch.Storage/SmolSearch.Storage.csproj" />
</Solution>
